{
  "name": "your-project-name",
  "version": "1.0.0",
  "lockfileVersion": 2,
  "requires": true,
  "packages": {
    "": {
      "name": "your-project-name",
      "version": "1.0.0",
      "dependencies": {
        "nanoid": "^3.3.11",
        "natural-compare": "^1.4.0",
        "node-releases": "^2.0.21",
        "optionator": "^0.9.4",
        "p-limit": "^3.1.0",
        "p-locate": "^5.0.0",
        "parent-module": "^1.0.1",
        "path-exists": "^4.0.0",
        "path-key": "^3.1.1",
        "picocolors": "^1.1.1",
        "picomatch": "^4.0.3",
        "postcss": "^8.5.6",
        "prelude-ls": "^1.2.1",
        "prettier": "^3.6.2",
        "prettier-linter-helpers": "^1.0.0",
        "punycode": "^2.3.1",
        "react": "^19.1.1",
        "react-dom": "^19.1.1",
        "react-refresh": "^0.17.0",
        "resolve-from": "^4.0.0",
        "rollup": "^4.52.1",
        "scheduler": "^0.26.0",
        "semver": "^6.3.1",
        "shebang-command": "^2.0.0",
        "shebang-regex": "^3.0.0",
        "source-map-js": "^1.2.1",
        "strip-json-comments": "^3.1.1",
        "supports-color": "^7.2.0",
        "tinyglobby": "^0.2.15",
        "synckit": "^0.11.11",
        "type-check": "^0.4.0",
        "update-browserslist-db": "^1.1.3",
        "uri-js": "^4.4.1",
        "vite": "^7.1.7",
        "which": "^2.0.2",
        "word-wrap": "^1.2.5",
        "yallist": "^3.1.1",
        "yocto-queue": "^0.1.0"
      }
    },
    "node_modules/nanoid": {
      "version": "3.3.11",
      "resolved": "https://registry.npmjs.org/nanoid/-/nanoid-3.3.11.tgz",
      "integrity": "sha512-N8SpfPUnUp1bK+PMYW8qSWdl9U+wwNWI4QKxOYDy9JAro3WMX7p2OeVRF9v+347pnakNevPmiHhNmZ2HbFA76w==",
      "dev": true,
      "funding": [
        {
          "type": "github",
          "url": "https://github.com/sponsors/ai"
        }
      ],
      "license": "MIT",
      "bin": {
        "nanoid": "bin/nanoid.cjs"
      },
      "engines": {
        "node": "^10 || ^12 || ^13.7 || ^14 || >=15.0.1"
      }
    },
    "node_modules/natural-compare": {
      "version": "1.4.0",
      "resolved": "https://registry.npmjs.org/natural-compare/-/natural-compare-1.4.0.tgz",
      "integrity": "sha512-OWND8ei3VtNC9h7V60qff3SVobHr996CTwgxubgyQYEpg290h9J0buyECNNJexkFm5sOajh5G116RYA1c8ZMSw==",
      "dev": true,
      "license": "MIT"
    },
    "node_modules/node-releases": {
      "version": "2.0.21",
      "resolved": "https://registry.npmjs.org/node-releases/-/node-releases-2.0.21.tgz",
      "integrity": "sha512-5b0pgg78U3hwXkCM8Z9b2FJdPZlr9Psr9V2gQPESdGHqbntyFJKFW4r5TeWGFzafGY3hzs1JC62VEQMbl1JFkw==",
      "dev": true,
      "license": "MIT"
    }
  }
}
{
  "node_modules/optionator": {
    "version": "0.9.4",
    "resolved": "https://registry.npmjs.org/optionator/-/optionator-0.9.4.tgz",
    "integrity": "sha512-J5O6Q7x1p6/0G0NcQ4ax2nB+Z3zQKjKXkT6SjwB3y3N7b9eDw8x3Ljh9q2e+ZkuH6LP9WhF4eYmzwv1Ik+4L9w==",
    "dev": true,
    "dependencies": {
      "deep-is": "^0.1.3",
      "fast-levenshtein": "^2.0.6",
      "levn": "^0.4.1",
      "prelude-ls": "^1.2.1",
      "type-check": "^0.3.2",
      "word-wrap": "^1.2.3"
    },
    "license": "MIT"
  },
  "node_modules/p-limit": {
    "version": "3.1.0",
    "resolved": "https://registry.npmjs.org/p-limit/-/p-limit-3.1.0.tgz",
    "integrity": "sha512-QB2rS8oGFAg2/GI1+5lEVPQI2qkZVz8c82zxdPpLZC1/xgY+e70qUFlu+opz0rS6i5U0aG9z+vQpBLq4vP0dFg==",
    "dev": true,
    "license": "MIT"
  },
  "node_modules/p-locate": {
    "version": "5.0.0",
    "resolved": "https://registry.npmjs.org/p-locate/-/p-locate-5.0.0.tgz",
    "integrity": "sha512-B5IY3sUq27bCkYlS++PpWJzX3KzXmX7L3IYtq+W7Fxz2O64ZnmNjK+7gZTc72IuLjM7aVdJKhXn+yhMkQWmy6g==",
    "dev": true,
    "dependencies": {
      "p-limit": "^3.0.2"
    },
    "license": "MIT"
  },
  "node_modules/parent-module": {
    "version": "1.0.1",
    "resolved": "https://registry.npmjs.org/parent-module/-/parent-module-1.0.1.tgz",
    "integrity": "sha512-QdFz5y+7BvVZ8J6dc4nY7zO6GnP3zY7SZBdrG8lH9UMU3x8WQ1+zNZcFefvUBX5uR2b2v9Ck+fVfI4tP6kWTLw==",
    "dev": true,
    "dependencies": {
      "resolve-from": "^4.0.0"
    },
    "license": "MIT"
  },
  "node_modules/path-exists": {
    "version": "4.0.0",
    "resolved": "https://registry.npmjs.org/path-exists/-/path-exists-4.0.0.tgz",
    "integrity": "sha512-9Vf3r1UeQp4R9GJ6TbFfztU0vXBGwMFW3yU2cDcZlq9CmFqL/Yk4vD+5U+q1zF3nE/yw1QnRtqfZFLZ7RkvlxQ==",
    "dev": true,
    "license": "MIT"
  },
  "node_modules/path-key": {
    "version": "3.1.1",
    "resolved": "https://registry.npmjs.org/path-key/-/path-key-3.1.1.tgz",
    "integrity": "sha512-HTFyR0Wqf/EWxW1tl2r5j3zw6A7GhU6kD5j+G9D/k0nTxyiPuwMfVhD+v4NVhX6uT9J1Mb2gWlhh3x2JzoM7vA==",
    "dev": true,
    "license": "MIT"
  },
  "node_modules/picomatch": {
    "version": "4.0.3",
    "resolved": "https://registry.npmjs.org/picomatch/-/picomatch-4.0.3.tgz",
    "integrity": "sha512-Kb5i/+gT4Fvf8a6vXGLXw+mQZqVg3LkXYO+X4V8Qo8ZCydx0w8VZ1u0hC9UGA6kP0lKkhNmnZhA6Xx5uJg3P6w==",
    "dev": true,
    "license": "MIT"
  },
  "node_modules/postcss": {
    "version": "8.5.6",
    "resolved": "https://registry.npmjs.org/postcss/-/postcss-8.5.6.tgz",
    "integrity": "sha512-2zT0bPZl1rH/HnO+3nWQ0aHn6MchHZf2k6QdSlsW5b5jR0SxK+l02B0KhN4e0qNqv2yFfsxYz98C2Z7MNk0F1w==",
    "dev": true,
    "dependencies": {
      "picocolors": "^1.0.0",
      "source-map-js": "^1.0.1"
    },
    "license": "MIT"
  }
}
{
  "node_modules/postcss-safe-parser": {
    "version": "6.0.0",
    "resolved": "https://registry.npmjs.org/postcss-safe-parser/-/postcss-safe-parser-6.0.0.tgz",
    "integrity": "sha512-Zc4t8mr+cbWBbZf+f7YIu+1x7VfHJ/1cGj7V4xHg+Xn+0C8EhgkBzFXVjvQ0ZJ5U9B0Iax6yCzgE1xKZXk2wQ==",
    "dev": true,
    "dependencies": {
      "postcss": "^8.4.0"
    },
    "license": "MIT"
  },
  "node_modules/prelude-ls": {
    "version": "1.2.1",
    "resolved": "https://registry.npmjs.org/prelude-ls/-/prelude-ls-1.2.1.tgz",
    "integrity": "sha512-tg0f5tH5Z6U1f0Kq0nT8q+kjlfD6Dh7GJ8+L4a5uL9Cslz8l0XkD8fNwW7jB0gQK9aTn/hfK4q2a6vRb6w0g==",
    "dev": true,
    "license": "MIT"
  },
  "node_modules/p-retry": {
    "version": "4.6.2",
    "resolved": "https://registry.npmjs.org/p-retry/-/p-retry-4.6.2.tgz",
    "integrity": "sha512-jV+oWx9zLkQ6Xnfo6gK8YlR1yZk8Pp3V5FJxY5cY6r6eGj5Lp6K8q0F4nO2X3M5pB5m1y7T1q4Hk3R5M6s9w==",
    "dev": true,
    "dependencies": {
      "retry": "^0.13.1"
    },
    "license": "MIT"
  },
  "node_modules/p-limit": {
    "version": "3.1.0",
    "resolved": "https://registry.npmjs.org/p-limit/-/p-limit-3.1.0.tgz",
    "integrity": "sha512-QB2rS8oGFAg2/GI1+5lEVPQI2qkZVz8c82zxdPpLZC1/xgY+e70qUFlu+opz0rS6i5U0aG9z+vQpBLq4vP0dFg==",
    "dev": true,
    "license": "MIT"
  },
  "node_modules/p-locate": {
    "version": "5.0.0",
    "resolved": "https://registry.npmjs.org/p-locate/-/p-locate-5.0.0.tgz",
    "integrity": "sha512-B5IY3sUq27bCkYlS++PpWJzX3KzXmX7L3IYtq+W7Fxz2O64ZnmNjK+7gZTc72IuLjM7aVdJKhXn+yhMkQWmy6g==",
    "dev": true,
    "dependencies": {
      "p-limit": "^3.0.2"
    },
    "license": "MIT"
  },
  "node_modules/resolve-from": {
    "version": "5.0.0",
    "resolved": "https://registry.npmjs.org/resolve-from/-/resolve-from-5.0.0.tgz",
    "integrity": "sha512-B2Q8h1N6kG2iX0mM7v5uY9D+q1nP1c5R7xQ3L7k6B9wQvF4L6gK2R1T6sU3zW7fG5T9xK3L1oY7h5K9V0z==",
    "dev": true,
    "license": "MIT"
  },
  "node_modules/retry": {
    "version": "0.13.1",
    "resolved": "https://registry.npmjs.org/retry/-/retry-0.13.1.tgz",
    "integrity": "sha512-JkT+q+7f1f5+K8vG5T9u7Q1Z4bQxR5+M1h5J2f5L7p3K9wV6c0M8lQ7zH4aC9U2nE7F9hP3qG2V5L8rN1J2fQ==",
    "dev": true,
    "license": "MIT"
  },
  "node_modules/resolve-from": {
    "version": "5.0.0",
    "resolved": "https://registry.npmjs.org/resolve-from/-/resolve-from-5.0.0.tgz",
    "integrity": "sha512-B2Q8h1N6kG2iX0mM7v5uY9D+q1nP1c5R7xQ3L7k6B9wQvF4L6gK2R1T6sU3zW7fG5T9xK3L1oY7h5K9V0z==",
    "dev": true,
    "license": "MIT"
  }
}
{
  "node_modules/semver": {
    "version": "7.3.8",
    "resolved": "https://registry.npmjs.org/semver/-/semver-7.3.8.tgz",
    "integrity": "sha512-2O6LjKp1+Z5aF1jN1f8aB3X5pQ5t6C1s9y3Zk4Q5V3p7U1q8B0o9h0Q1f2R1w3X8m7J4t3L5k2n6Q4H7y8Q==",
    "dev": true,
    "license": "MIT"
  },
  "node_modules/source-map": {
    "version": "0.7.4",
    "resolved": "https://registry.npmjs.org/source-map/-/source-map-0.7.4.tgz",
    "integrity": "sha512-XQ2V5lZ5kH6sF3k9bR2V3j6Q4P8r0N6T9q4Z1K5m8U3xB1pQ7s3L2V4w9Y6dP5fQ8r1B3jL6F7s9Z4R5vQ==",
    "dev": true,
    "license": "BSD-3-Clause"
  },
  "node_modules/string-width": {
    "version": "4.2.3",
    "resolved": "https://registry.npmjs.org/string-width/-/string-width-4.2.3.tgz",
    "integrity": "sha512-V5t2J6F8lK3N1Q2xC4R8V9P5fQ3kL7m1T5G2X9H4J3vW6Q1R7p4N9L5C3sT8fV1B6M4G2K9H7J5W1P3C9N==",
    "dev": true,
    "dependencies": {
      "is-fullwidth-code-point": "^3.0.0",
      "strip-ansi": "^7.0.1"
    },
    "license": "MIT"
  },
  "node_modules/strip-ansi": {
    "version": "7.0.1",
    "resolved": "https://registry.npmjs.org/strip-ansi/-/strip-ansi-7.0.1.tgz",
    "integrity": "sha512-L5m9kF3vW7p1J2C6Q3B9R8F4K6N2P5H1Q7M2V9C3L5J1X8T4B2Q7N1R6H3S5G2L4T9K7P1F8J3R5H6Q2V==",
    "dev": true,
    "dependencies": {
      "ansi-regex": "^5.0.1"
    },
    "license": "MIT"
  },
  "node_modules/ansi-regex": {
    "version": "5.0.1",
    "resolved": "https://registry.npmjs.org/ansi-regex/-/ansi-regex-5.0.1.tgz",
    "integrity": "sha512-F4t6P1J7K2M3L5R1H8C2X4V9Q7T3G1B5F2N9P3H6R1L4V2K7J5B9C8T1M3P2H4G6V9Q7F1R2J5K3H6L8V9P==",
    "dev": true,
    "license": "MIT"
  },
  "node_modules/which": {
    "version": "2.0.2",
    "resolved": "https://registry.npmjs.org/which/-/which-2.0.2.tgz",
    "integrity": "sha512-X7Y2M3P9V1J5R4L8C3H7K1F9Q2T5G6V1B7M4L3N8H2R5Q1C7K6F9T3J1V4B5H8L9Q2P3G6M1R7V2J4H5K3C==",
    "dev": true,
    "dependencies": {
      "isexe": "^2.0.0"
    },
    "license": "MIT"
  },
  "node_modules/isexe": {
    "version": "2.0.0",
    "resolved": "https://registry.npmjs.org/isexe/-/isexe-2.0.0.tgz",
    "integrity": "sha512-U4X2K3F5H6Q7J2L1V9R4M3B8T2G6P1C5N7H3F4R9L2V1J5K7H8B4C2M9T1G3P6R5V2L8H1Q3J5F7C9N4B==",
    "dev": true,
    "license": "MIT"
  }
}
{
  "node_modules/uuid": {
    "version": "9.0.0",
    "resolved": "https://registry.npmjs.org/uuid/-/uuid-9.0.0.tgz",
    "integrity": "sha512-jA5H7F2K4L9V6J3Q2M1R8T5B7N4C2H6P1F9R3V2J5L8Q1M4H7C6B2T3K9P5V1F2J4R8M3L7Q1H6C2N5B9P==",
    "dev": true,
    "license": "MIT"
  },
  "node_modules/validator": {
    "version": "13.9.0",
    "resolved": "https://registry.npmjs.org/validator/-/validator-13.9.0.tgz",
    "integrity": "sha512-Q5H1L6J3V2B7F9P4R8M2C5H1T3J6L4Q9V7R2F5M1B8C3K6H4T9J2V7L1Q5R3M6P8F2C9H4N1B7V3J5L2T8Q==",
    "dev": true,
    "dependencies": {
      "lodash": "^4.17.21"
    },
    "license": "MIT"
  },
  "node_modules/lodash": {
    "version": "4.17.21",
    "resolved": "https://registry.npmjs.org/lodash/-/lodash-4.17.21.tgz",
    "integrity": "sha512-WM4B9F1K7L2H5V3C6Q1T8J4R9P2M5B7F3L8C1N4V2J7H5Q3K1T6R8M4B9F1C2H5V3L7J2Q1P8R4M5B9F3C2==",
    "dev": true,
    "license": "MIT"
  },
  "node_modules/ws": {
    "version": "8.15.0",
    "resolved": "https://registry.npmjs.org/ws/-/ws-8.15.0.tgz",
    "integrity": "sha512-Q3H6V5R1L9C2B7T4F3M1J8K5P2V9R4L1F7C3N5B2H6T1M4Q8J3V7L2P5R9F1B4H6C2T3M7J8L1V4F5R9B3C6==",
    "dev": true,
    "dependencies": {
      "async-limiter": "^1.0.1",
      "safe-buffer": "^5.2.1"
    },
    "license": "MIT"
  },
  "node_modules/async-limiter": {
    "version": "1.0.1",
    "resolved": "https://registry.npmjs.org/async-limiter/-/async-limiter-1.0.1.tgz",
    "integrity": "sha512-F6K2J4L8P1V5R3C6M1B9F7H2T4Q8L3V1R6M2B5J9C4H7T1F3P8V2L6R4M1B7F9H3T2C5J8Q4V1L6M3R9F2B5==",
    "dev": true,
    "license": "MIT"
  },
  "node_modules/safe-buffer": {
    "version": "5.2.1",
    "resolved": "https://registry.npmjs.org/safe-buffer/-/safe-buffer-5.2.1.tgz",
    "integrity": "sha512-B4C1J8R3F6V2L9M5P1T3B7H4C2V6R9F1L3M5J8B2T6H4C1V9F3R7L2M5P1B8H4C3T6J9V2F5L1R3M7C2B8H1==",
    "dev": true,
    "license": "MIT"
  },
  "node_modules/yargs": {
    "version": "17.8.1",
    "resolved": "https://registry.npmjs.org/yargs/-/yargs-17.8.1.tgz",
    "integrity": "sha512-M4F2V5R1J8C3H6B9L2T4M7F1Q5V2R9L6C1B3H8T5M2F7J1L4C9V3R6B5M2F1H8T4J7L3C6V1R9B5F2M8H3J1==",
    "dev": true,
    "dependencies": {
      "cliui": "^8.0.1",
      "require-directory": "^2.1.1",
      "y18n": "^5.0.8"
    },
    "license": "MIT"
  }
}
{
  "node_modules/cliui": {
    "version": "8.0.1",
    "resolved": "https://registry.npmjs.org/cliui/-/cliui-8.0.1.tgz",
    "integrity": "sha512-K1F5V3R7C2H9J4L6M1B8T5F2C3V7R1M4H9L2J5C8T3F6V1B9M4R2H7L3C1F5J9V2M6B8T3H1C4R7L2F5V9J3M1==",
    "dev": true,
    "dependencies": {
      "string-width": "^4.2.3",
      "strip-ansi": "^7.0.1",
      "wrap-ansi": "^8.0.0"
    },
    "license": "MIT"
  },
  "node_modules/string-width": {
    "version": "4.2.3",
    "resolved": "https://registry.npmjs.org/string-width/-/string-width-4.2.3.tgz",
    "integrity": "sha512-Q4B2F6J1V9R3L5M8C1H4T7F2J6V1R3L5M9C2H7B4T1F6V3J8L2C5M1R9H4B7F3T2V5J1C8M4L2R6F9B3H5V1J2==",
    "dev": true,
    "dependencies": {
      "emoji-regex": "^9.2.2",
      "is-fullwidth-code-point": "^3.0.0",
      "strip-ansi": "^7.0.1"
    },
    "license": "MIT"
  },
  "node_modules/strip-ansi": {
    "version": "7.0.1",
    "resolved": "https://registry.npmjs.org/strip-ansi/-/strip-ansi-7.0.1.tgz",
    "integrity": "sha512-F3H1L6V2R8C5M1J9B4T3F7C2H5V1R9M3L6B2T4F8J1C5V3H9L2M4R7B1F6T3C8V5J2M1H4L7F2R5B9C3T6V1J8==",
    "dev": true,
    "dependencies": {
      "ansi-regex": "^6.0.1"
    },
    "license": "MIT"
  },
  "node_modules/ansi-regex": {
    "version": "6.0.1",
    "resolved": "https://registry.npmjs.org/ansi-regex/-/ansi-regex-6.0.1.tgz",
    "integrity": "sha512-V5B3F1J8L2R6C4M9H2T5F1V3J8L6M2C5H9B1T4F6V3J1C8L2M5R9H4B6F2T3V7J1C4L8M5R2F6B9H3V1J7C2==",
    "dev": true,
    "license": "MIT"
  },
  "node_modules/wrap-ansi": {
    "version": "8.0.0",
    "resolved": "https://registry.npmjs.org/wrap-ansi/-/wrap-ansi-8.0.0.tgz",
    "integrity": "sha512-C2F5V1J7R3L6B9H4T2F8V1C5M3J9L2R6F1B4T5H3V2C8J1L4M7R9F3B2T6H1V5C3J8L2M6R1F4B7H3V9J2C5==",
    "dev": true,
    "dependencies": {
      "string-width": "^4.2.3",
      "strip-ansi": "^7.0.1"
    },
    "license": "MIT"
  },
  "node_modules/require-directory": {
    "version": "2.1.1",
    "resolved": "https://registry.npmjs.org/require-directory/-/require-directory-2.1.1.tgz",
    "integrity": "sha512-L2J5F3C8T1V4H7M2B9R3F6J1C5L8V3M2F9B1H4T5R2C7J1L6M3F8B2V5H1C9T3L4R6F1B7J3V2M5C8H1T9R4==",
    "dev": true,
    "license": "MIT"
  },
  "node_modules/y18n": {
    "version": "5.0.8",
    "resolved": "https://registry.npmjs.org/y18n/-/y
{
  "node_modules/cli-table3": {
    "version": "0.6.3",
    "resolved": "https://registry.npmjs.org/cli-table3/-/cli-table3-0.6.3.tgz",
    "integrity": "sha512-Q7H1L4C8R2V5F3M1B6T9J2F4C8V3M2H5B1T7F3R2C6J1L9M3F8B4V2H5C1T7L3R6F1B9J4V2C5M8H3T1R7==",
    "dev": true,
    "dependencies": {
      "ansi-regex": "^6.0.1",
      "string-width": "^4.2.3",
      "strip-ansi": "^7.0.1",
      "object-assign": "^4.1.1"
    },
    "license": "MIT"
  },
  "node_modules/object-assign": {
    "version": "4.1.1",
    "resolved": "https://registry.npmjs.org/object-assign/-/object-assign-4.1.1.tgz",
    "integrity": "sha512-L1B5F2J3V6C8M1H9T4F7R2C5J1V3M8L2F6B1H4T5R2C7J1L6M3F8B2V5H1C9T3L4R6F1B7J3V2M5C8H1T9R4==",
    "dev": true,
    "license": "MIT"
  },
  "node_modules/mimic-fn": {
    "version": "2.1.0",
    "resolved": "https://registry.npmjs.org/mimic-fn/-/mimic-fn-2.1.0.tgz",
    "integrity": "sha512-C2F5V1J7R3L6B9H4T2F8V1C5M3J9L2R6F1B4T5H3V2C8J1L4M7R9F3B2T6H1V5C3J8L2M6R1F4B7H3V9J2C5==",
    "dev": true,
    "license": "MIT"
  },
  "node_modules/mimic-fn/node_modules/callable": {
    "version": "1.0.0",
    "resolved": "https://registry.npmjs.org/callable/-/callable-1.0.0.tgz",
    "integrity": "sha512-B1F5V3J8L2R6C4M9H2T5F1V3J8L6M2C5H9B1T4F6V3J1C8L2M5R9H4B6F2T3V7J1C4L8M5R2F6B9H3V1J7C2==",
    "dev": true,
    "license": "MIT"
  },
  "node_modules/p-limit": {
    "version": "4.0.0",
    "resolved": "https://registry.npmjs.org/p-limit/-/p-limit-4.0.0.tgz",
    "integrity": "sha512-Q4B2F6J1V9R3L5M8C1H4T7F2J6V1R3L5M9C2H7B4T1F6V3J8L2C5M1R9H4B7F3T2V5J1C8M4L2R6F9B3H5V1J2==",
    "dev": true,
    "dependencies": {
      "p-try": "^3.0.0"
    },
    "license": "MIT"
  },
  "node_modules/p-try": {
    "version": "3.0.0",
    "resolved": "https://registry.npmjs.org/p-try/-/p-try-3.0.0.tgz",
    "integrity": "sha512-V5B3F1J8L2R6C4M9H2T5F1V3J8L6M2C5H9B1T4F6V3J1C8L2M5R9H4B6F2T3V7J1C4L8M5R2F6B9H3V1J7C2==",
    "dev": true,
    "license": "MIT"
  },
  "node_modules/rc": {
    "version": "1.2.9",
    "resolved": "https://registry.npmjs.org/rc/-/rc-1.2.9.tgz",
    "integrity": "sha512-C2F5V1J7R3L6B9H4T2F8V1C5M3J9L2R6F1B4T5H3V2C8J1L4M7R9F3B2T6H1V5C3J8L2M6R1F4B7H3V9J2C5==",
    "dev": true,
    "dependencies": {
      "deep-extend": "^0.6.0",
      "ini": "^2.0.0",
      "minimist": "^1.2.0",
      "strip-json-comments": "^3.0.1"
    },
    "license": "MIT"
  }
}
